
Microsoft Visual Studio Solution File, Format Version 12.00
# Visual Studio Version 17
VisualStudioVersion = 17.4.33403.182
MinimumVisualStudioVersion = 10.0.40219.1
Project("{FAE04EC0-301F-11D3-BF4B-00C04F79EFBC}") = "calc 1.1", "calc 1.1\calc 1.1.csproj", "{4D1A7C59-FE93-42BE-883B-A8D60A03FDC1}"
EndProject
Global
	GlobalSection(SolutionConfigurationPlatforms) = preSolution
		Debug|Any CPU = Debug|Any CPU
		Release|Any CPU = Release|Any CPU
	EndGlobalSection
	GlobalSection(ProjectConfigurationPlatforms) = postSolution
		{4D1A7C59-FE93-42BE-883B-A8D60A03FDC1}.Debug|Any CPU.ActiveCfg = Debug|Any CPU
		{4D1A7C59-FE93-42BE-883B-A8D60A03FDC1}.Debug|Any CPU.Build.0 = Debug|Any CPU
		{4D1A7C59-FE93-42BE-883B-A8D60A03FDC1}.Release|Any CPU.ActiveCfg = Release|Any CPU
		{4D1A7C59-FE93-42BE-883B-A8D60A03FDC1}.Release|Any CPU.Build.0 = Release|Any CPU
	EndGlobalSection
	GlobalSection(SolutionProperties) = preSolution
		HideSolutionNode = FALSE
	EndGlobalSection
	GlobalSection(ExtensibilityGlobals) = postSolution
		SolutionGuid = {EBC9AA26-EDC0-4DCC-8988-6EBB678B4375}
	EndGlobalSection
EndGlobal
